
Microsoft Visual Studio Solution File, Format Version 12.00
# Visual Studio 15
VisualStudioVersion = 15.0.27703.2035
MinimumVisualStudioVersion = 10.0.40219.1
Project("{FAE04EC0-301F-11D3-BF4B-00C04F79EFBC}") = "ConsoleApp1", "ConsoleApp1\ConsoleApp1.csproj", "{A2C73694-57CF-4101-900A-13C79F530C4D}"
EndProject
Project("{FAE04EC0-301F-11D3-BF4B-00C04F79EFBC}") = "MyFistUnitTests", "UnitTestProject1\MyFistUnitTests.csproj", "{7E9CFAA0-8D06-44BD-97FE-3F9266112C2E}"
EndProject
Project("{2150E333-8FDC-42A3-9474-1A3956D46DE8}") = "Solution Items", "Solution Items", "{F17EA487-C027-4562-A6F9-5A322DEB7333}"
	ProjectSection(SolutionItems) = preProject
		.gitignore = .gitignore
		docs\ReadMe.md = docs\ReadMe.md
	EndProjectSection
EndProject
Project("{9A19103F-16F7-4668-BE54-9A1E7A4F7556}") = "ClassLibrary1", "ClassLibrary1\ClassLibrary1.csproj", "{BD0C1395-F921-4688-AAC3-BBF1B8BB7A64}"
EndProject
Project("{FAE04EC0-301F-11D3-BF4B-00C04F79EFBC}") = "Collections", "Collections\Collections.csproj", "{6EFCCC78-5690-4D96-BDC2-F5D0843A564A}"
EndProject
Global
	GlobalSection(SolutionConfigurationPlatforms) = preSolution
		Debug|Any CPU = Debug|Any CPU
		Release|Any CPU = Release|Any CPU
	EndGlobalSection
	GlobalSection(ProjectConfigurationPlatforms) = postSolution
		{A2C73694-57CF-4101-900A-13C79F530C4D}.Debug|Any CPU.ActiveCfg = Debug|Any CPU
		{A2C73694-57CF-4101-900A-13C79F530C4D}.Debug|Any CPU.Build.0 = Debug|Any CPU
		{A2C73694-57CF-4101-900A-13C79F530C4D}.Release|Any CPU.ActiveCfg = Release|Any CPU
		{A2C73694-57CF-4101-900A-13C79F530C4D}.Release|Any CPU.Build.0 = Release|Any CPU
		{7E9CFAA0-8D06-44BD-97FE-3F9266112C2E}.Debug|Any CPU.ActiveCfg = Debug|Any CPU
		{7E9CFAA0-8D06-44BD-97FE-3F9266112C2E}.Debug|Any CPU.Build.0 = Debug|Any CPU
		{7E9CFAA0-8D06-44BD-97FE-3F9266112C2E}.Release|Any CPU.ActiveCfg = Release|Any CPU
		{7E9CFAA0-8D06-44BD-97FE-3F9266112C2E}.Release|Any CPU.Build.0 = Release|Any CPU
		{BD0C1395-F921-4688-AAC3-BBF1B8BB7A64}.Debug|Any CPU.ActiveCfg = Debug|Any CPU
		{BD0C1395-F921-4688-AAC3-BBF1B8BB7A64}.Debug|Any CPU.Build.0 = Debug|Any CPU
		{BD0C1395-F921-4688-AAC3-BBF1B8BB7A64}.Release|Any CPU.ActiveCfg = Release|Any CPU
		{BD0C1395-F921-4688-AAC3-BBF1B8BB7A64}.Release|Any CPU.Build.0 = Release|Any CPU
		{6EFCCC78-5690-4D96-BDC2-F5D0843A564A}.Debug|Any CPU.ActiveCfg = Debug|Any CPU
		{6EFCCC78-5690-4D96-BDC2-F5D0843A564A}.Debug|Any CPU.Build.0 = Debug|Any CPU
		{6EFCCC78-5690-4D96-BDC2-F5D0843A564A}.Release|Any CPU.ActiveCfg = Release|Any CPU
		{6EFCCC78-5690-4D96-BDC2-F5D0843A564A}.Release|Any CPU.Build.0 = Release|Any CPU
	EndGlobalSection
	GlobalSection(SolutionProperties) = preSolution
		HideSolutionNode = FALSE
	EndGlobalSection
	GlobalSection(ExtensibilityGlobals) = postSolution
		SolutionGuid = {00794BB1-D71D-4093-954B-11C7FDDFE572}
	EndGlobalSection
EndGlobal
